
Microsoft Visual Studio Solution File, Format Version 12.00
# Visual Studio Version 17
VisualStudioVersion = 17.0.32112.339
MinimumVisualStudioVersion = 10.0.40219.1
Project("{FAE04EC0-301F-11D3-BF4B-00C04F79EFBC}") = "Method_Odev", "Method_Odev\Method_Odev.csproj", "{F9AAEBF8-17B4-4E62-9A60-3C08357D08DA}"
EndProject
Global
	GlobalSection(SolutionConfigurationPlatforms) = preSolution
		Debug|Any CPU = Debug|Any CPU
		Release|Any CPU = Release|Any CPU
	EndGlobalSection
	GlobalSection(ProjectConfigurationPlatforms) = postSolution
		{F9AAEBF8-17B4-4E62-9A60-3C08357D08DA}.Debug|Any CPU.ActiveCfg = Debug|Any CPU
		{F9AAEBF8-17B4-4E62-9A60-3C08357D08DA}.Debug|Any CPU.Build.0 = Debug|Any CPU
		{F9AAEBF8-17B4-4E62-9A60-3C08357D08DA}.Release|Any CPU.ActiveCfg = Release|Any CPU
		{F9AAEBF8-17B4-4E62-9A60-3C08357D08DA}.Release|Any CPU.Build.0 = Release|Any CPU
	EndGlobalSection
	GlobalSection(SolutionProperties) = preSolution
		HideSolutionNode = FALSE
	EndGlobalSection
	GlobalSection(ExtensibilityGlobals) = postSolution
		SolutionGuid = {8E0C3661-1564-4B50-9680-BB22BEC0DBF1}
	EndGlobalSection
EndGlobal
